
Microsoft Visual Studio Solution File, Format Version 12.00
# Visual Studio Version 17
VisualStudioVersion = 17.10.35122.118
MinimumVisualStudioVersion = 10.0.40219.1
Project("{888888A0-9F3D-457C-B088-3A5042F75D52}") = "PythonPanda", "PythonPanda\PythonPanda.pyproj", "{8ACDD92C-DDD4-41AC-8DB4-6DDA3A239ACB}"
EndProject
Global
	GlobalSection(SolutionConfigurationPlatforms) = preSolution
		Debug|Any CPU = Debug|Any CPU
		Release|Any CPU = Release|Any CPU
	EndGlobalSection
	GlobalSection(ProjectConfigurationPlatforms) = postSolution
		{8ACDD92C-DDD4-41AC-8DB4-6DDA3A239ACB}.Debug|Any CPU.ActiveCfg = Debug|Any CPU
		{8ACDD92C-DDD4-41AC-8DB4-6DDA3A239ACB}.Release|Any CPU.ActiveCfg = Release|Any CPU
	EndGlobalSection
	GlobalSection(SolutionProperties) = preSolution
		HideSolutionNode = FALSE
	EndGlobalSection
	GlobalSection(ExtensibilityGlobals) = postSolution
		SolutionGuid = {B1EC44F8-67C5-4156-B3EF-FE6B9F5A9229}
	EndGlobalSection
EndGlobal
